{
  "version": 4,
  "terraform_version": "1.6.0",
  "serial": 16,
  "lineage": "f20baaa7-ab31-cb44-526f-dc966962038a",
  "outputs": {},
  "resources": [
    {
      "mode": "data",
      "type": "aws_iam_policy_document",
      "name": "lambda_assume_role_policy",
      "provider": "provider[\"registry.terraform.io/hashicorp/aws\"]",
      "instances": [
        {
          "schema_version": 0,
          "attributes": {
            "id": "2690255455",
            "json": "{\n  \"Version\": \"2012-10-17\",\n  \"Statement\": [\n    {\n      \"Effect\": \"Allow\",\n      \"Action\": \"sts:AssumeRole\",\n      \"Principal\": {\n        \"Service\": \"lambda.amazonaws.com\"\n      }\n    }\n  ]\n}",
            "minified_json": "{\"Version\":\"2012-10-17\",\"Statement\":[{\"Effect\":\"Allow\",\"Action\":\"sts:AssumeRole\",\"Principal\":{\"Service\":\"lambda.amazonaws.com\"}}]}",
            "override_json": null,
            "override_policy_documents": null,
            "policy_id": null,
            "source_json": null,
            "source_policy_documents": null,
            "statement": [
              {
                "actions": [
                  "sts:AssumeRole"
                ],
                "condition": [],
                "effect": "Allow",
                "not_actions": [],
                "not_principals": [],
                "not_resources": [],
                "principals": [
                  {
                    "identifiers": [
                      "lambda.amazonaws.com"
                    ],
                    "type": "Service"
                  }
                ],
                "resources": [],
                "sid": ""
              }
            ],
            "version": "2012-10-17"
          },
          "sensitive_attributes": []
        }
      ]
    },
    {
      "mode": "managed",
      "type": "aws_dynamodb_table",
      "name": "feedback_table",
      "provider": "provider[\"registry.terraform.io/hashicorp/aws\"]",
      "instances": [
        {
          "schema_version": 1,
          "attributes": {
            "arn": "arn:aws:dynamodb:ap-south-1:816720949859:table/FeedbackTable",
            "attribute": [
              {
                "name": "id",
                "type": "S"
              }
            ],
            "billing_mode": "PAY_PER_REQUEST",
            "deletion_protection_enabled": false,
            "global_secondary_index": [],
            "hash_key": "id",
            "id": "FeedbackTable",
            "import_table": [],
            "local_secondary_index": [],
            "name": "FeedbackTable",
            "on_demand_throughput": [],
            "point_in_time_recovery": [
              {
                "enabled": false
              }
            ],
            "range_key": null,
            "read_capacity": 0,
            "replica": [],
            "restore_date_time": null,
            "restore_source_name": null,
            "restore_source_table_arn": null,
            "restore_to_latest_time": null,
            "server_side_encryption": [],
            "stream_arn": "",
            "stream_enabled": false,
            "stream_label": "",
            "stream_view_type": "",
            "table_class": "STANDARD",
            "tags": {},
            "tags_all": {},
            "timeouts": null,
            "ttl": [
              {
                "attribute_name": "",
                "enabled": false
              }
            ],
            "write_capacity": 0
          },
          "sensitive_attributes": [],
          "private": "eyJlMmJmYjczMC1lY2FhLTExZTYtOGY4OC0zNDM2M2JjN2M0YzAiOnsiY3JlYXRlIjoxODAwMDAwMDAwMDAwLCJkZWxldGUiOjYwMDAwMDAwMDAwMCwidXBkYXRlIjozNjAwMDAwMDAwMDAwfSwic2NoZW1hX3ZlcnNpb24iOiIxIn0="
        }
      ]
    },
    {
      "mode": "managed",
      "type": "aws_iam_role",
      "name": "lambda_role",
      "provider": "provider[\"registry.terraform.io/hashicorp/aws\"]",
      "instances": [
        {
          "schema_version": 0,
          "attributes": {
            "arn": "arn:aws:iam::816720949859:role/lambda-role",
            "assume_role_policy": "{\"Statement\":[{\"Action\":\"sts:AssumeRole\",\"Effect\":\"Allow\",\"Principal\":{\"Service\":\"lambda.amazonaws.com\"}}],\"Version\":\"2012-10-17\"}",
            "create_date": "2024-11-12T08:21:43Z",
            "description": "",
            "force_detach_policies": false,
            "id": "lambda-role",
            "inline_policy": [],
            "managed_policy_arns": [],
            "max_session_duration": 3600,
            "name": "lambda-role",
            "name_prefix": "",
            "path": "/",
            "permissions_boundary": "",
            "tags": {},
            "tags_all": {},
            "unique_id": "AROA34KC4WJRXVWTL5NGD"
          },
          "sensitive_attributes": [],
          "private": "bnVsbA==",
          "dependencies": [
            "data.aws_iam_policy_document.lambda_assume_role_policy"
          ]
        }
      ]
    },
    {
      "mode": "managed",
      "type": "aws_lambda_function",
      "name": "feedback_function",
      "provider": "provider[\"registry.terraform.io/hashicorp/aws\"]",
      "instances": [
        {
          "schema_version": 0,
          "attributes": {
            "architectures": [
              "x86_64"
            ],
            "arn": "arn:aws:lambda:ap-south-1:816720949859:function:FeedbackFunction",
            "code_sha256": "5P5JRPR5LCYic9v8sT4RrDOaknEKN2XogMu3NHTGfBo=",
            "code_signing_config_arn": "",
            "dead_letter_config": [],
            "description": "",
            "environment": [
              {
                "variables": {
                  "DYNAMODB_TABLE": "FeedbackTable"
                }
              }
            ],
            "ephemeral_storage": [
              {
                "size": 512
              }
            ],
            "file_system_config": [],
            "filename": "../functions/handler.zip",
            "function_name": "FeedbackFunction",
            "handler": "handler.handler",
            "id": "FeedbackFunction",
            "image_config": [],
            "image_uri": "",
            "invoke_arn": "arn:aws:apigateway:ap-south-1:lambda:path/2015-03-31/functions/arn:aws:lambda:ap-south-1:816720949859:function:FeedbackFunction/invocations",
            "kms_key_arn": "",
            "last_modified": "2024-11-12T08:21:52.695+0000",
            "layers": [],
            "logging_config": [
              {
                "application_log_level": "",
                "log_format": "Text",
                "log_group": "/aws/lambda/FeedbackFunction",
                "system_log_level": ""
              }
            ],
            "memory_size": 128,
            "package_type": "Zip",
            "publish": false,
            "qualified_arn": "arn:aws:lambda:ap-south-1:816720949859:function:FeedbackFunction:$LATEST",
            "qualified_invoke_arn": "arn:aws:apigateway:ap-south-1:lambda:path/2015-03-31/functions/arn:aws:lambda:ap-south-1:816720949859:function:FeedbackFunction:$LATEST/invocations",
            "replace_security_groups_on_destroy": null,
            "replacement_security_group_ids": null,
            "reserved_concurrent_executions": -1,
            "role": "arn:aws:iam::816720949859:role/lambda-role",
            "runtime": "python3.9",
            "s3_bucket": null,
            "s3_key": null,
            "s3_object_version": null,
            "signing_job_arn": "",
            "signing_profile_version_arn": "",
            "skip_destroy": false,
            "snap_start": [],
            "source_code_hash": "vbZaa+EX3cd/piT/ZoZeaOOQ7hB8f3/P9U0i8/Y54wI=",
            "source_code_size": 446,
            "tags": {},
            "tags_all": {},
            "timeout": 3,
            "timeouts": null,
            "tracing_config": [
              {
                "mode": "PassThrough"
              }
            ],
            "version": "$LATEST",
            "vpc_config": []
          },
          "sensitive_attributes": [],
          "private": "eyJlMmJmYjczMC1lY2FhLTExZTYtOGY4OC0zNDM2M2JjN2M0YzAiOnsiY3JlYXRlIjo2MDAwMDAwMDAwMDAsImRlbGV0ZSI6NjAwMDAwMDAwMDAwLCJ1cGRhdGUiOjYwMDAwMDAwMDAwMH19",
          "dependencies": [
            "aws_dynamodb_table.feedback_table",
            "aws_iam_role.lambda_role",
            "data.aws_iam_policy_document.lambda_assume_role_policy"
          ]
        }
      ]
    }
  ],
  "check_results": null
}
